
Microsoft Visual Studio Solution File, Format Version 12.00
# Visual Studio 15
VisualStudioVersion = 15.0.27130.2010
MinimumVisualStudioVersion = 10.0.40219.1
Project("{FAE04EC0-301F-11D3-BF4B-00C04F79EFBC}") = "Graphics2", "Graphics2\Graphics2.csproj", "{C48883AC-E66A-4583-ADE3-413B492AC623}"
EndProject
Project("{FAE04EC0-301F-11D3-BF4B-00C04F79EFBC}") = "Graphics3", "Graphics3\Graphics3.csproj", "{0FB72525-E678-4FA3-9F43-90CBB4830998}"
EndProject
Project("{FAE04EC0-301F-11D3-BF4B-00C04F79EFBC}") = "Graphics1", "Graphics1\Graphics1.csproj", "{C05B940D-4556-4461-8CE4-22CA56C3FE19}"
EndProject
Project("{FAE04EC0-301F-11D3-BF4B-00C04F79EFBC}") = "Graphics4", "Graphics4\Graphics4.csproj", "{305F0E9E-B898-49C9-B72B-3B2B588D3068}"
EndProject
Project("{FAE04EC0-301F-11D3-BF4B-00C04F79EFBC}") = "DBase1", "DBase1\DBase1.csproj", "{A5CD6263-4EB1-4D1C-B8DC-94AA2915BC84}"
EndProject
Project("{FAE04EC0-301F-11D3-BF4B-00C04F79EFBC}") = "ConsoleApplication_1", "ConsoleApplication_1\ConsoleApplication_1.csproj", "{A5683279-5DF7-4E75-9295-B2C2A1745A4B}"
EndProject
Project("{FAE04EC0-301F-11D3-BF4B-00C04F79EFBC}") = "ConsoleApplication_2", "ConsoleApplication_2\ConsoleApplication_2.csproj", "{3EED8C8C-71D5-4FDF-AD84-C9D9904FFBF3}"
EndProject
Project("{FAE04EC0-301F-11D3-BF4B-00C04F79EFBC}") = "ConsoleApplication_3", "ConsoleApplication_3\ConsoleApplication_3.csproj", "{2A90770C-3CEA-45D5-885B-D9B9908AEE15}"
EndProject
Project("{FAE04EC0-301F-11D3-BF4B-00C04F79EFBC}") = "Use enum type categorize objects", "Use enum type categorize objects\Use enum type categorize objects.csproj", "{641F82BC-2E28-4EC9-AD71-9FA095972EE8}"
EndProject
Project("{FAE04EC0-301F-11D3-BF4B-00C04F79EFBC}") = "ConsoleApplication_4", "ConsoleApplication_4\ConsoleApplication_4.csproj", "{9F6B2C58-EF2A-4412-B536-7A78788539D4}"
EndProject
Project("{FAE04EC0-301F-11D3-BF4B-00C04F79EFBC}") = "ConsoleApplication_5", "ConsoleApplication_5\ConsoleApplication_5.csproj", "{53D9D136-F1C2-4E01-B701-96F7F9659EF2}"
EndProject
Project("{FAE04EC0-301F-11D3-BF4B-00C04F79EFBC}") = "Graphics5", "Graphics5\Graphics5.csproj", "{6A11A8B3-06B9-48CE-B966-2D1861C3569F}"
EndProject
Project("{FAE04EC0-301F-11D3-BF4B-00C04F79EFBC}") = "Graphics6", "Graphics6\Graphics6.csproj", "{73A41D42-6BA1-4C1E-8442-83A7C962778F}"
EndProject
Project("{FAE04EC0-301F-11D3-BF4B-00C04F79EFBC}") = "DrawCurve", "DrawCurve\DrawCurve.csproj", "{1BE02C37-7805-4471-AFD6-319666E30608}"
EndProject
Project("{FAE04EC0-301F-11D3-BF4B-00C04F79EFBC}") = "howto_circle_circle_intersection", "howto_circle_circle_intersection\howto_circle_circle_intersection.csproj", "{E7D45855-BA50-42A1-A909-336AC370B41E}"
EndProject
Project("{FAE04EC0-301F-11D3-BF4B-00C04F79EFBC}") = "howto_circle_equation", "howto_circle_equation\howto_circle_equation.csproj", "{4C1BF775-7191-4028-A629-FB45BB46F588}"
EndProject
Project("{FAE04EC0-301F-11D3-BF4B-00C04F79EFBC}") = "howto_circle_from_points", "howto_circle_from_points\howto_circle_from_points.csproj", "{DA2A9CC9-8330-4A19-8F05-554A1F4ED850}"
EndProject
Project("{FAE04EC0-301F-11D3-BF4B-00C04F79EFBC}") = "howto_circle_pattern", "howto_circle_pattern\howto_circle_pattern.csproj", "{EC181EDC-186F-423A-9A3D-251A861C4D55}"
EndProject
Project("{FAE04EC0-301F-11D3-BF4B-00C04F79EFBC}") = "howto_find_circle_tangents", "howto_find_circle_tangents\howto_find_circle_tangents.csproj", "{8736D597-B7B5-4C80-9DFA-9E2E1FE49763}"
EndProject
Project("{FAE04EC0-301F-11D3-BF4B-00C04F79EFBC}") = "howto_find_circle_intersection", "howto_find_circle_intersection\howto_find_circle_intersection.csproj", "{31CB37DB-B4E8-4E11-B002-4657F574F96D}"
EndProject
Project("{FAE04EC0-301F-11D3-BF4B-00C04F79EFBC}") = "howto_line_ellipse_intersection", "howto_line_ellipse_intersection\howto_line_ellipse_intersection.csproj", "{72341CF1-16CF-45BF-A72C-47FB5E6F0EE3}"
EndProject
Project("{FAE04EC0-301F-11D3-BF4B-00C04F79EFBC}") = "howto_line_circle_intersection", "howto_line_circle_intersection\howto_line_circle_intersection.csproj", "{1A451A98-9C4B-42EF-A8D0-724920FEB448}"
EndProject
Project("{FAE04EC0-301F-11D3-BF4B-00C04F79EFBC}") = "ConsoleApplication_6", "ConsoleApplication_6\ConsoleApplication_6.csproj", "{B4B46690-6259-44A7-A474-24682482926B}"
EndProject
Global
	GlobalSection(SolutionConfigurationPlatforms) = preSolution
		Debug|Any CPU = Debug|Any CPU
		Release|Any CPU = Release|Any CPU
	EndGlobalSection
	GlobalSection(ProjectConfigurationPlatforms) = postSolution
		{C48883AC-E66A-4583-ADE3-413B492AC623}.Debug|Any CPU.ActiveCfg = Debug|Any CPU
		{C48883AC-E66A-4583-ADE3-413B492AC623}.Debug|Any CPU.Build.0 = Debug|Any CPU
		{C48883AC-E66A-4583-ADE3-413B492AC623}.Release|Any CPU.ActiveCfg = Release|Any CPU
		{C48883AC-E66A-4583-ADE3-413B492AC623}.Release|Any CPU.Build.0 = Release|Any CPU
		{0FB72525-E678-4FA3-9F43-90CBB4830998}.Debug|Any CPU.ActiveCfg = Debug|Any CPU
		{0FB72525-E678-4FA3-9F43-90CBB4830998}.Debug|Any CPU.Build.0 = Debug|Any CPU
		{0FB72525-E678-4FA3-9F43-90CBB4830998}.Release|Any CPU.ActiveCfg = Release|Any CPU
		{0FB72525-E678-4FA3-9F43-90CBB4830998}.Release|Any CPU.Build.0 = Release|Any CPU
		{C05B940D-4556-4461-8CE4-22CA56C3FE19}.Debug|Any CPU.ActiveCfg = Debug|Any CPU
		{C05B940D-4556-4461-8CE4-22CA56C3FE19}.Debug|Any CPU.Build.0 = Debug|Any CPU
		{C05B940D-4556-4461-8CE4-22CA56C3FE19}.Release|Any CPU.ActiveCfg = Release|Any CPU
		{C05B940D-4556-4461-8CE4-22CA56C3FE19}.Release|Any CPU.Build.0 = Release|Any CPU
		{305F0E9E-B898-49C9-B72B-3B2B588D3068}.Debug|Any CPU.ActiveCfg = Debug|Any CPU
		{305F0E9E-B898-49C9-B72B-3B2B588D3068}.Debug|Any CPU.Build.0 = Debug|Any CPU
		{305F0E9E-B898-49C9-B72B-3B2B588D3068}.Release|Any CPU.ActiveCfg = Release|Any CPU
		{305F0E9E-B898-49C9-B72B-3B2B588D3068}.Release|Any CPU.Build.0 = Release|Any CPU
		{A5CD6263-4EB1-4D1C-B8DC-94AA2915BC84}.Debug|Any CPU.ActiveCfg = Debug|Any CPU
		{A5CD6263-4EB1-4D1C-B8DC-94AA2915BC84}.Debug|Any CPU.Build.0 = Debug|Any CPU
		{A5CD6263-4EB1-4D1C-B8DC-94AA2915BC84}.Release|Any CPU.ActiveCfg = Release|Any CPU
		{A5CD6263-4EB1-4D1C-B8DC-94AA2915BC84}.Release|Any CPU.Build.0 = Release|Any CPU
		{A5683279-5DF7-4E75-9295-B2C2A1745A4B}.Debug|Any CPU.ActiveCfg = Debug|Any CPU
		{A5683279-5DF7-4E75-9295-B2C2A1745A4B}.Debug|Any CPU.Build.0 = Debug|Any CPU
		{A5683279-5DF7-4E75-9295-B2C2A1745A4B}.Release|Any CPU.ActiveCfg = Release|Any CPU
		{A5683279-5DF7-4E75-9295-B2C2A1745A4B}.Release|Any CPU.Build.0 = Release|Any CPU
		{3EED8C8C-71D5-4FDF-AD84-C9D9904FFBF3}.Debug|Any CPU.ActiveCfg = Debug|Any CPU
		{3EED8C8C-71D5-4FDF-AD84-C9D9904FFBF3}.Debug|Any CPU.Build.0 = Debug|Any CPU
		{3EED8C8C-71D5-4FDF-AD84-C9D9904FFBF3}.Release|Any CPU.ActiveCfg = Release|Any CPU
		{3EED8C8C-71D5-4FDF-AD84-C9D9904FFBF3}.Release|Any CPU.Build.0 = Release|Any CPU
		{2A90770C-3CEA-45D5-885B-D9B9908AEE15}.Debug|Any CPU.ActiveCfg = Debug|Any CPU
		{2A90770C-3CEA-45D5-885B-D9B9908AEE15}.Debug|Any CPU.Build.0 = Debug|Any CPU
		{2A90770C-3CEA-45D5-885B-D9B9908AEE15}.Release|Any CPU.ActiveCfg = Release|Any CPU
		{2A90770C-3CEA-45D5-885B-D9B9908AEE15}.Release|Any CPU.Build.0 = Release|Any CPU
		{641F82BC-2E28-4EC9-AD71-9FA095972EE8}.Debug|Any CPU.ActiveCfg = Debug|Any CPU
		{641F82BC-2E28-4EC9-AD71-9FA095972EE8}.Debug|Any CPU.Build.0 = Debug|Any CPU
		{641F82BC-2E28-4EC9-AD71-9FA095972EE8}.Release|Any CPU.ActiveCfg = Release|Any CPU
		{641F82BC-2E28-4EC9-AD71-9FA095972EE8}.Release|Any CPU.Build.0 = Release|Any CPU
		{9F6B2C58-EF2A-4412-B536-7A78788539D4}.Debug|Any CPU.ActiveCfg = Debug|Any CPU
		{9F6B2C58-EF2A-4412-B536-7A78788539D4}.Debug|Any CPU.Build.0 = Debug|Any CPU
		{9F6B2C58-EF2A-4412-B536-7A78788539D4}.Release|Any CPU.ActiveCfg = Release|Any CPU
		{9F6B2C58-EF2A-4412-B536-7A78788539D4}.Release|Any CPU.Build.0 = Release|Any CPU
		{53D9D136-F1C2-4E01-B701-96F7F9659EF2}.Debug|Any CPU.ActiveCfg = Debug|Any CPU
		{53D9D136-F1C2-4E01-B701-96F7F9659EF2}.Debug|Any CPU.Build.0 = Debug|Any CPU
		{53D9D136-F1C2-4E01-B701-96F7F9659EF2}.Release|Any CPU.ActiveCfg = Release|Any CPU
		{53D9D136-F1C2-4E01-B701-96F7F9659EF2}.Release|Any CPU.Build.0 = Release|Any CPU
		{6A11A8B3-06B9-48CE-B966-2D1861C3569F}.Debug|Any CPU.ActiveCfg = Debug|Any CPU
		{6A11A8B3-06B9-48CE-B966-2D1861C3569F}.Debug|Any CPU.Build.0 = Debug|Any CPU
		{6A11A8B3-06B9-48CE-B966-2D1861C3569F}.Release|Any CPU.ActiveCfg = Release|Any CPU
		{6A11A8B3-06B9-48CE-B966-2D1861C3569F}.Release|Any CPU.Build.0 = Release|Any CPU
		{73A41D42-6BA1-4C1E-8442-83A7C962778F}.Debug|Any CPU.ActiveCfg = Debug|Any CPU
		{73A41D42-6BA1-4C1E-8442-83A7C962778F}.Debug|Any CPU.Build.0 = Debug|Any CPU
		{73A41D42-6BA1-4C1E-8442-83A7C962778F}.Release|Any CPU.ActiveCfg = Release|Any CPU
		{73A41D42-6BA1-4C1E-8442-83A7C962778F}.Release|Any CPU.Build.0 = Release|Any CPU
		{1BE02C37-7805-4471-AFD6-319666E30608}.Debug|Any CPU.ActiveCfg = Debug|Any CPU
		{1BE02C37-7805-4471-AFD6-319666E30608}.Debug|Any CPU.Build.0 = Debug|Any CPU
		{1BE02C37-7805-4471-AFD6-319666E30608}.Release|Any CPU.ActiveCfg = Release|Any CPU
		{1BE02C37-7805-4471-AFD6-319666E30608}.Release|Any CPU.Build.0 = Release|Any CPU
		{E7D45855-BA50-42A1-A909-336AC370B41E}.Debug|Any CPU.ActiveCfg = Debug|Any CPU
		{E7D45855-BA50-42A1-A909-336AC370B41E}.Debug|Any CPU.Build.0 = Debug|Any CPU
		{E7D45855-BA50-42A1-A909-336AC370B41E}.Release|Any CPU.ActiveCfg = Release|Any CPU
		{E7D45855-BA50-42A1-A909-336AC370B41E}.Release|Any CPU.Build.0 = Release|Any CPU
		{4C1BF775-7191-4028-A629-FB45BB46F588}.Debug|Any CPU.ActiveCfg = Debug|Any CPU
		{4C1BF775-7191-4028-A629-FB45BB46F588}.Debug|Any CPU.Build.0 = Debug|Any CPU
		{4C1BF775-7191-4028-A629-FB45BB46F588}.Release|Any CPU.ActiveCfg = Release|Any CPU
		{4C1BF775-7191-4028-A629-FB45BB46F588}.Release|Any CPU.Build.0 = Release|Any CPU
		{DA2A9CC9-8330-4A19-8F05-554A1F4ED850}.Debug|Any CPU.ActiveCfg = Debug|Any CPU
		{DA2A9CC9-8330-4A19-8F05-554A1F4ED850}.Debug|Any CPU.Build.0 = Debug|Any CPU
		{DA2A9CC9-8330-4A19-8F05-554A1F4ED850}.Release|Any CPU.ActiveCfg = Release|Any CPU
		{DA2A9CC9-8330-4A19-8F05-554A1F4ED850}.Release|Any CPU.Build.0 = Release|Any CPU
		{EC181EDC-186F-423A-9A3D-251A861C4D55}.Debug|Any CPU.ActiveCfg = Debug|Any CPU
		{EC181EDC-186F-423A-9A3D-251A861C4D55}.Debug|Any CPU.Build.0 = Debug|Any CPU
		{EC181EDC-186F-423A-9A3D-251A861C4D55}.Release|Any CPU.ActiveCfg = Release|Any CPU
		{EC181EDC-186F-423A-9A3D-251A861C4D55}.Release|Any CPU.Build.0 = Release|Any CPU
		{8736D597-B7B5-4C80-9DFA-9E2E1FE49763}.Debug|Any CPU.ActiveCfg = Debug|Any CPU
		{8736D597-B7B5-4C80-9DFA-9E2E1FE49763}.Debug|Any CPU.Build.0 = Debug|Any CPU
		{8736D597-B7B5-4C80-9DFA-9E2E1FE49763}.Release|Any CPU.ActiveCfg = Release|Any CPU
		{8736D597-B7B5-4C80-9DFA-9E2E1FE49763}.Release|Any CPU.Build.0 = Release|Any CPU
		{31CB37DB-B4E8-4E11-B002-4657F574F96D}.Debug|Any CPU.ActiveCfg = Debug|Any CPU
		{31CB37DB-B4E8-4E11-B002-4657F574F96D}.Debug|Any CPU.Build.0 = Debug|Any CPU
		{31CB37DB-B4E8-4E11-B002-4657F574F96D}.Release|Any CPU.ActiveCfg = Release|Any CPU
		{31CB37DB-B4E8-4E11-B002-4657F574F96D}.Release|Any CPU.Build.0 = Release|Any CPU
		{72341CF1-16CF-45BF-A72C-47FB5E6F0EE3}.Debug|Any CPU.ActiveCfg = Debug|Any CPU
		{72341CF1-16CF-45BF-A72C-47FB5E6F0EE3}.Debug|Any CPU.Build.0 = Debug|Any CPU
		{72341CF1-16CF-45BF-A72C-47FB5E6F0EE3}.Release|Any CPU.ActiveCfg = Release|Any CPU
		{72341CF1-16CF-45BF-A72C-47FB5E6F0EE3}.Release|Any CPU.Build.0 = Release|Any CPU
		{1A451A98-9C4B-42EF-A8D0-724920FEB448}.Debug|Any CPU.ActiveCfg = Debug|Any CPU
		{1A451A98-9C4B-42EF-A8D0-724920FEB448}.Debug|Any CPU.Build.0 = Debug|Any CPU
		{1A451A98-9C4B-42EF-A8D0-724920FEB448}.Release|Any CPU.ActiveCfg = Release|Any CPU
		{1A451A98-9C4B-42EF-A8D0-724920FEB448}.Release|Any CPU.Build.0 = Release|Any CPU
		{B4B46690-6259-44A7-A474-24682482926B}.Debug|Any CPU.ActiveCfg = Debug|Any CPU
		{B4B46690-6259-44A7-A474-24682482926B}.Debug|Any CPU.Build.0 = Debug|Any CPU
		{B4B46690-6259-44A7-A474-24682482926B}.Release|Any CPU.ActiveCfg = Release|Any CPU
		{B4B46690-6259-44A7-A474-24682482926B}.Release|Any CPU.Build.0 = Release|Any CPU
	EndGlobalSection
	GlobalSection(SolutionProperties) = preSolution
		HideSolutionNode = FALSE
	EndGlobalSection
	GlobalSection(ExtensibilityGlobals) = postSolution
		SolutionGuid = {DCAE37EA-666A-4EDC-813F-33616A639A62}
	EndGlobalSection
EndGlobal
