
Microsoft Visual Studio Solution File, Format Version 12.00
# Visual Studio 15
VisualStudioVersion = 15.0.27130.2010
MinimumVisualStudioVersion = 10.0.40219.1
Project("{FAE04EC0-301F-11D3-BF4B-00C04F79EFBC}") = "Graphics2", "Graphics2\Graphics2.csproj", "{C48883AC-E66A-4583-ADE3-413B492AC623}"
EndProject
Project("{FAE04EC0-301F-11D3-BF4B-00C04F79EFBC}") = "Graphics3", "Graphics3\Graphics3.csproj", "{0FB72525-E678-4FA3-9F43-90CBB4830998}"
EndProject
Project("{FAE04EC0-301F-11D3-BF4B-00C04F79EFBC}") = "Graphics1", "Graphics1\Graphics1.csproj", "{C05B940D-4556-4461-8CE4-22CA56C3FE19}"
EndProject
Project("{FAE04EC0-301F-11D3-BF4B-00C04F79EFBC}") = "Graphics4", "Graphics4\Graphics4.csproj", "{305F0E9E-B898-49C9-B72B-3B2B588D3068}"
EndProject
Project("{FAE04EC0-301F-11D3-BF4B-00C04F79EFBC}") = "DBase1", "DBase1\DBase1.csproj", "{A5CD6263-4EB1-4D1C-B8DC-94AA2915BC84}"
EndProject
Project("{FAE04EC0-301F-11D3-BF4B-00C04F79EFBC}") = "ConsoleApplication_1", "ConsoleApplication_1\ConsoleApplication_1.csproj", "{A5683279-5DF7-4E75-9295-B2C2A1745A4B}"
EndProject
Project("{FAE04EC0-301F-11D3-BF4B-00C04F79EFBC}") = "ConsoleApplication_2", "ConsoleApplication_2\ConsoleApplication_2.csproj", "{3EED8C8C-71D5-4FDF-AD84-C9D9904FFBF3}"
EndProject
Project("{FAE04EC0-301F-11D3-BF4B-00C04F79EFBC}") = "ConsoleApplication_3", "ConsoleApplication_3\ConsoleApplication_3.csproj", "{2A90770C-3CEA-45D5-885B-D9B9908AEE15}"
EndProject
Project("{FAE04EC0-301F-11D3-BF4B-00C04F79EFBC}") = "Use enum type categorize objects", "Use enum type categorize objects\Use enum type categorize objects.csproj", "{641F82BC-2E28-4EC9-AD71-9FA095972EE8}"
EndProject
Project("{FAE04EC0-301F-11D3-BF4B-00C04F79EFBC}") = "ConsoleApplication_4", "ConsoleApplication_4\ConsoleApplication_4.csproj", "{9F6B2C58-EF2A-4412-B536-7A78788539D4}"
EndProject
Project("{FAE04EC0-301F-11D3-BF4B-00C04F79EFBC}") = "ConsoleApplication_5", "ConsoleApplication_5\ConsoleApplication_5.csproj", "{53D9D136-F1C2-4E01-B701-96F7F9659EF2}"
EndProject
Project("{FAE04EC0-301F-11D3-BF4B-00C04F79EFBC}") = "Graphics5", "Graphics5\Graphics5.csproj", "{6A11A8B3-06B9-48CE-B966-2D1861C3569F}"
EndProject
Project("{FAE04EC0-301F-11D3-BF4B-00C04F79EFBC}") = "Graphics6", "Graphics6\Graphics6.csproj", "{73A41D42-6BA1-4C1E-8442-83A7C962778F}"
EndProject
Global
	GlobalSection(SolutionConfigurationPlatforms) = preSolution
		Debug|Any CPU = Debug|Any CPU
		Release|Any CPU = Release|Any CPU
	EndGlobalSection
	GlobalSection(ProjectConfigurationPlatforms) = postSolution
		{C48883AC-E66A-4583-ADE3-413B492AC623}.Debug|Any CPU.ActiveCfg = Debug|Any CPU
		{C48883AC-E66A-4583-ADE3-413B492AC623}.Debug|Any CPU.Build.0 = Debug|Any CPU
		{C48883AC-E66A-4583-ADE3-413B492AC623}.Release|Any CPU.ActiveCfg = Release|Any CPU
		{C48883AC-E66A-4583-ADE3-413B492AC623}.Release|Any CPU.Build.0 = Release|Any CPU
		{0FB72525-E678-4FA3-9F43-90CBB4830998}.Debug|Any CPU.ActiveCfg = Debug|Any CPU
		{0FB72525-E678-4FA3-9F43-90CBB4830998}.Debug|Any CPU.Build.0 = Debug|Any CPU
		{0FB72525-E678-4FA3-9F43-90CBB4830998}.Release|Any CPU.ActiveCfg = Release|Any CPU
		{0FB72525-E678-4FA3-9F43-90CBB4830998}.Release|Any CPU.Build.0 = Release|Any CPU
		{C05B940D-4556-4461-8CE4-22CA56C3FE19}.Debug|Any CPU.ActiveCfg = Debug|Any CPU
		{C05B940D-4556-4461-8CE4-22CA56C3FE19}.Debug|Any CPU.Build.0 = Debug|Any CPU
		{C05B940D-4556-4461-8CE4-22CA56C3FE19}.Release|Any CPU.ActiveCfg = Release|Any CPU
		{C05B940D-4556-4461-8CE4-22CA56C3FE19}.Release|Any CPU.Build.0 = Release|Any CPU
		{305F0E9E-B898-49C9-B72B-3B2B588D3068}.Debug|Any CPU.ActiveCfg = Debug|Any CPU
		{305F0E9E-B898-49C9-B72B-3B2B588D3068}.Debug|Any CPU.Build.0 = Debug|Any CPU
		{305F0E9E-B898-49C9-B72B-3B2B588D3068}.Release|Any CPU.ActiveCfg = Release|Any CPU
		{305F0E9E-B898-49C9-B72B-3B2B588D3068}.Release|Any CPU.Build.0 = Release|Any CPU
		{A5CD6263-4EB1-4D1C-B8DC-94AA2915BC84}.Debug|Any CPU.ActiveCfg = Debug|Any CPU
		{A5CD6263-4EB1-4D1C-B8DC-94AA2915BC84}.Debug|Any CPU.Build.0 = Debug|Any CPU
		{A5CD6263-4EB1-4D1C-B8DC-94AA2915BC84}.Release|Any CPU.ActiveCfg = Release|Any CPU
		{A5CD6263-4EB1-4D1C-B8DC-94AA2915BC84}.Release|Any CPU.Build.0 = Release|Any CPU
		{A5683279-5DF7-4E75-9295-B2C2A1745A4B}.Debug|Any CPU.ActiveCfg = Debug|Any CPU
		{A5683279-5DF7-4E75-9295-B2C2A1745A4B}.Debug|Any CPU.Build.0 = Debug|Any CPU
		{A5683279-5DF7-4E75-9295-B2C2A1745A4B}.Release|Any CPU.ActiveCfg = Release|Any CPU
		{A5683279-5DF7-4E75-9295-B2C2A1745A4B}.Release|Any CPU.Build.0 = Release|Any CPU
		{3EED8C8C-71D5-4FDF-AD84-C9D9904FFBF3}.Debug|Any CPU.ActiveCfg = Debug|Any CPU
		{3EED8C8C-71D5-4FDF-AD84-C9D9904FFBF3}.Debug|Any CPU.Build.0 = Debug|Any CPU
		{3EED8C8C-71D5-4FDF-AD84-C9D9904FFBF3}.Release|Any CPU.ActiveCfg = Release|Any CPU
		{3EED8C8C-71D5-4FDF-AD84-C9D9904FFBF3}.Release|Any CPU.Build.0 = Release|Any CPU
		{2A90770C-3CEA-45D5-885B-D9B9908AEE15}.Debug|Any CPU.ActiveCfg = Debug|Any CPU
		{2A90770C-3CEA-45D5-885B-D9B9908AEE15}.Debug|Any CPU.Build.0 = Debug|Any CPU
		{2A90770C-3CEA-45D5-885B-D9B9908AEE15}.Release|Any CPU.ActiveCfg = Release|Any CPU
		{2A90770C-3CEA-45D5-885B-D9B9908AEE15}.Release|Any CPU.Build.0 = Release|Any CPU
		{641F82BC-2E28-4EC9-AD71-9FA095972EE8}.Debug|Any CPU.ActiveCfg = Debug|Any CPU
		{641F82BC-2E28-4EC9-AD71-9FA095972EE8}.Debug|Any CPU.Build.0 = Debug|Any CPU
		{641F82BC-2E28-4EC9-AD71-9FA095972EE8}.Release|Any CPU.ActiveCfg = Release|Any CPU
		{641F82BC-2E28-4EC9-AD71-9FA095972EE8}.Release|Any CPU.Build.0 = Release|Any CPU
		{9F6B2C58-EF2A-4412-B536-7A78788539D4}.Debug|Any CPU.ActiveCfg = Debug|Any CPU
		{9F6B2C58-EF2A-4412-B536-7A78788539D4}.Debug|Any CPU.Build.0 = Debug|Any CPU
		{9F6B2C58-EF2A-4412-B536-7A78788539D4}.Release|Any CPU.ActiveCfg = Release|Any CPU
		{9F6B2C58-EF2A-4412-B536-7A78788539D4}.Release|Any CPU.Build.0 = Release|Any CPU
		{53D9D136-F1C2-4E01-B701-96F7F9659EF2}.Debug|Any CPU.ActiveCfg = Debug|Any CPU
		{53D9D136-F1C2-4E01-B701-96F7F9659EF2}.Debug|Any CPU.Build.0 = Debug|Any CPU
		{53D9D136-F1C2-4E01-B701-96F7F9659EF2}.Release|Any CPU.ActiveCfg = Release|Any CPU
		{53D9D136-F1C2-4E01-B701-96F7F9659EF2}.Release|Any CPU.Build.0 = Release|Any CPU
		{6A11A8B3-06B9-48CE-B966-2D1861C3569F}.Debug|Any CPU.ActiveCfg = Debug|Any CPU
		{6A11A8B3-06B9-48CE-B966-2D1861C3569F}.Debug|Any CPU.Build.0 = Debug|Any CPU
		{6A11A8B3-06B9-48CE-B966-2D1861C3569F}.Release|Any CPU.ActiveCfg = Release|Any CPU
		{6A11A8B3-06B9-48CE-B966-2D1861C3569F}.Release|Any CPU.Build.0 = Release|Any CPU
		{73A41D42-6BA1-4C1E-8442-83A7C962778F}.Debug|Any CPU.ActiveCfg = Debug|Any CPU
		{73A41D42-6BA1-4C1E-8442-83A7C962778F}.Debug|Any CPU.Build.0 = Debug|Any CPU
		{73A41D42-6BA1-4C1E-8442-83A7C962778F}.Release|Any CPU.ActiveCfg = Release|Any CPU
		{73A41D42-6BA1-4C1E-8442-83A7C962778F}.Release|Any CPU.Build.0 = Release|Any CPU
	EndGlobalSection
	GlobalSection(SolutionProperties) = preSolution
		HideSolutionNode = FALSE
	EndGlobalSection
	GlobalSection(ExtensibilityGlobals) = postSolution
		SolutionGuid = {DCAE37EA-666A-4EDC-813F-33616A639A62}
	EndGlobalSection
EndGlobal
